
Microsoft Visual Studio Solution File, Format Version 12.00
# Visual Studio Version 16
VisualStudioVersion = 16.0.29709.97
MinimumVisualStudioVersion = 10.0.40219.1
Project("{FAE04EC0-301F-11D3-BF4B-00C04F79EFBC}") = "ElephantExercise", "ElephantExercise\ElephantExercise.csproj", "{94EC6BE1-00DA-4620-BD4D-2E7424BA8EB5}"
EndProject
Global
	GlobalSection(SolutionConfigurationPlatforms) = preSolution
		Debug|Any CPU = Debug|Any CPU
		Release|Any CPU = Release|Any CPU
	EndGlobalSection
	GlobalSection(ProjectConfigurationPlatforms) = postSolution
		{94EC6BE1-00DA-4620-BD4D-2E7424BA8EB5}.Debug|Any CPU.ActiveCfg = Debug|Any CPU
		{94EC6BE1-00DA-4620-BD4D-2E7424BA8EB5}.Debug|Any CPU.Build.0 = Debug|Any CPU
		{94EC6BE1-00DA-4620-BD4D-2E7424BA8EB5}.Release|Any CPU.ActiveCfg = Release|Any CPU
		{94EC6BE1-00DA-4620-BD4D-2E7424BA8EB5}.Release|Any CPU.Build.0 = Release|Any CPU
	EndGlobalSection
	GlobalSection(SolutionProperties) = preSolution
		HideSolutionNode = FALSE
	EndGlobalSection
	GlobalSection(ExtensibilityGlobals) = postSolution
		SolutionGuid = {F3B37A58-29B2-483F-87DD-B65DC3020E2A}
	EndGlobalSection
EndGlobal
